# THIS IS AN AUTOGENERATED FILE. DO NOT EDIT THIS FILE DIRECTLY.
# yarn lockfile v1


"@wasm-tool/node@^0.1.0":
  version "0.1.0"
  resolved "https://registry.yarnpkg.com/@wasm-tool/node/-/node-0.1.0.tgz#4f0f207e4cc0978e502512d3c8d77489d6933fb6"
  integrity sha512-pl9oEZjq2miJW+Ytfe+RmVW/Pu43IqFWWzWJfdxoxMkEQ0ysscDZIPYqIdixVIy6omxLn63d2lhqLZXKd01MdQ==
